
Microsoft Visual Studio Solution File, Format Version 12.00
# Visual Studio 2013
VisualStudioVersion = 12.0.40629.0
MinimumVisualStudioVersion = 10.0.40219.1
Project("{FAE04EC0-301F-11D3-BF4B-00C04F79EFBC}") = "Sitecore.Speak.Theming", "Sitecore.Speak.Theming\Sitecore.Speak.Theming.csproj", "{49D5BBCA-03F9-4381-9FBD-F9EE7883A543}"
EndProject
Project("{CAA73BB0-EF22-4D79-A57E-DF67B3BA9C80}") = "Sitecore.Speak.Theming.Core", "Sitecore.Speak.Theming.Core\Sitecore.Speak.Theming.Core.scproj", "{7C56682B-1D11-4578-B875-A4D76C0E4879}"
EndProject
Global
	GlobalSection(SolutionConfigurationPlatforms) = preSolution
		Debug|Any CPU = Debug|Any CPU
		Debug|Mixed Platforms = Debug|Mixed Platforms
		Debug|x86 = Debug|x86
		Release|Any CPU = Release|Any CPU
		Release|Mixed Platforms = Release|Mixed Platforms
		Release|x86 = Release|x86
	EndGlobalSection
	GlobalSection(ProjectConfigurationPlatforms) = postSolution
		{49D5BBCA-03F9-4381-9FBD-F9EE7883A543}.Debug|Any CPU.ActiveCfg = Debug|Any CPU
		{49D5BBCA-03F9-4381-9FBD-F9EE7883A543}.Debug|Any CPU.Build.0 = Debug|Any CPU
		{49D5BBCA-03F9-4381-9FBD-F9EE7883A543}.Debug|Mixed Platforms.ActiveCfg = Debug|Any CPU
		{49D5BBCA-03F9-4381-9FBD-F9EE7883A543}.Debug|Mixed Platforms.Build.0 = Debug|Any CPU
		{49D5BBCA-03F9-4381-9FBD-F9EE7883A543}.Debug|x86.ActiveCfg = Debug|Any CPU
		{49D5BBCA-03F9-4381-9FBD-F9EE7883A543}.Release|Any CPU.ActiveCfg = Release|Any CPU
		{49D5BBCA-03F9-4381-9FBD-F9EE7883A543}.Release|Any CPU.Build.0 = Release|Any CPU
		{49D5BBCA-03F9-4381-9FBD-F9EE7883A543}.Release|Mixed Platforms.ActiveCfg = Release|Any CPU
		{49D5BBCA-03F9-4381-9FBD-F9EE7883A543}.Release|Mixed Platforms.Build.0 = Release|Any CPU
		{49D5BBCA-03F9-4381-9FBD-F9EE7883A543}.Release|x86.ActiveCfg = Release|Any CPU
		{7C56682B-1D11-4578-B875-A4D76C0E4879}.Debug|Any CPU.ActiveCfg = Debug|Any CPU
		{7C56682B-1D11-4578-B875-A4D76C0E4879}.Debug|Any CPU.Build.0 = Debug|Any CPU
		{7C56682B-1D11-4578-B875-A4D76C0E4879}.Debug|Any CPU.Deploy.0 = Debug|Any CPU
		{7C56682B-1D11-4578-B875-A4D76C0E4879}.Debug|Mixed Platforms.ActiveCfg = Debug|Any CPU
		{7C56682B-1D11-4578-B875-A4D76C0E4879}.Debug|Mixed Platforms.Build.0 = Debug|Any CPU
		{7C56682B-1D11-4578-B875-A4D76C0E4879}.Debug|Mixed Platforms.Deploy.0 = Debug|Any CPU
		{7C56682B-1D11-4578-B875-A4D76C0E4879}.Debug|x86.ActiveCfg = Debug|Any CPU
		{7C56682B-1D11-4578-B875-A4D76C0E4879}.Release|Any CPU.ActiveCfg = Release|Any CPU
		{7C56682B-1D11-4578-B875-A4D76C0E4879}.Release|Any CPU.Build.0 = Release|Any CPU
		{7C56682B-1D11-4578-B875-A4D76C0E4879}.Release|Any CPU.Deploy.0 = Release|Any CPU
		{7C56682B-1D11-4578-B875-A4D76C0E4879}.Release|Mixed Platforms.ActiveCfg = Release|Any CPU
		{7C56682B-1D11-4578-B875-A4D76C0E4879}.Release|Mixed Platforms.Build.0 = Release|Any CPU
		{7C56682B-1D11-4578-B875-A4D76C0E4879}.Release|Mixed Platforms.Deploy.0 = Release|Any CPU
		{7C56682B-1D11-4578-B875-A4D76C0E4879}.Release|x86.ActiveCfg = Release|Any CPU
	EndGlobalSection
	GlobalSection(SolutionProperties) = preSolution
		HideSolutionNode = FALSE
	EndGlobalSection
	GlobalSection(ExtensibilityGlobals) = postSolution
		VisualSVNWorkingCopyRoot = .
	EndGlobalSection
	GlobalSection(SubversionScc) = preSolution
		Svn-Managed = True
		Manager = AnkhSVN - Subversion Support for Visual Studio
	EndGlobalSection
EndGlobal
